
Microsoft Visual Studio Solution File, Format Version 12.00
Project("{2150E333-8FDC-42A3-9474-1A3956D46DE8}") = "src", "src", "{9AD6C839-C8CC-4D31-BC86-99B25CEEDC4F}"
EndProject
Project("{2150E333-8FDC-42A3-9474-1A3956D46DE8}") = "solution", "solution", "{5C2A0A7C-D9E5-47EF-B8B0-92CBCC958AB5}"
ProjectSection(SolutionItems) = preProject
	README.md = README.md
	NuGet.config = NuGet.config
	.gitignore = .gitignore
EndProjectSection
EndProject
Project("{FAE04EC0-301F-11D3-BF4B-00C04F79EFBC}") = "Elsa.OrchardCore.Web", "src\Elsa.OrchardCore.Web\Elsa.OrchardCore.Web.csproj", "{1A1E1268-8752-46D3-838F-DE6E664274A2}"
EndProject
Project("{FAE04EC0-301F-11D3-BF4B-00C04F79EFBC}") = "Elsa.OrchardCore.Module", "src\Elsa.OrchardCore.Module\Elsa.OrchardCore.Module.csproj", "{5F5FEB49-12AC-448C-82F0-197A77002BAE}"
EndProject
Project("{FAE04EC0-301F-11D3-BF4B-00C04F79EFBC}") = "Elsa.OrchardCore.Abstractions", "src\Elsa.OrchardCore.Abstractions\Elsa.OrchardCore.Abstractions.csproj", "{336E56A4-5B5E-4E37-BF0A-1AB711FDC919}"
EndProject
Project("{2150E333-8FDC-42A3-9474-1A3956D46DE8}") = "elsa", "elsa", "{A6246E35-A7EE-4ABB-9D6F-FE04F524295D}"
EndProject
Project("{FAE04EC0-301F-11D3-BF4B-00C04F79EFBC}") = "Elsa.Api.Client", "..\..\elsa-core\v3\src\clients\Elsa.Api.Client\Elsa.Api.Client.csproj", "{89DFEBEF-F795-4099-8332-60DB7EAC57C7}"
EndProject
Project("{FAE04EC0-301F-11D3-BF4B-00C04F79EFBC}") = "Elsa.Workflows.Designer", "..\..\elsa-core\v3\src\modules\Elsa.Workflows.Designer\Elsa.Workflows.Designer.csproj", "{A86952A0-209E-47BE-96F8-9F7CB1098496}"
EndProject
Project("{FAE04EC0-301F-11D3-BF4B-00C04F79EFBC}") = "Elsa.Features", "..\..\elsa-core\v3\src\common\Elsa.Features\Elsa.Features.csproj", "{E661BC87-6D05-4B72-B3AC-42BEEB918F78}"
EndProject
Project("{FAE04EC0-301F-11D3-BF4B-00C04F79EFBC}") = "Elsa.Workflows.Api", "..\..\elsa-core\v3\src\modules\Elsa.Workflows.Api\Elsa.Workflows.Api.csproj", "{412645C8-F1F8-4D2A-9C5D-E40A10147C8D}"
EndProject
Project("{FAE04EC0-301F-11D3-BF4B-00C04F79EFBC}") = "Elsa.Http", "..\..\elsa-core\v3\src\modules\Elsa.Http\Elsa.Http.csproj", "{8D5C59B3-AAAC-44BD-AE02-E0325F075D65}"
EndProject
Project("{FAE04EC0-301F-11D3-BF4B-00C04F79EFBC}") = "Elsa.Common", "..\..\elsa-core\v3\src\modules\Elsa.Common\Elsa.Common.csproj", "{0E226D92-9406-4190-A691-10625067AAB2}"
EndProject
Project("{FAE04EC0-301F-11D3-BF4B-00C04F79EFBC}") = "Elsa.Expressions", "..\..\elsa-core\v3\src\modules\Elsa.Expressions\Elsa.Expressions.csproj", "{47191BD7-C4BB-4DBA-8334-16AFBE59A44B}"
EndProject
Project("{FAE04EC0-301F-11D3-BF4B-00C04F79EFBC}") = "Elsa.Workflows.Core", "..\..\elsa-core\v3\src\modules\Elsa.Workflows.Core\Elsa.Workflows.Core.csproj", "{D4BC4A5A-4C39-448F-BCFC-F4AFEC05E96F}"
EndProject
Project("{FAE04EC0-301F-11D3-BF4B-00C04F79EFBC}") = "Elsa.Identity", "..\..\elsa-core\v3\src\modules\Elsa.Identity\Elsa.Identity.csproj", "{24E51A1E-769B-41AA-BE17-E7524DCCC0E6}"
EndProject
Project("{FAE04EC0-301F-11D3-BF4B-00C04F79EFBC}") = "Elsa.JavaScript", "..\..\elsa-core\v3\src\modules\Elsa.JavaScript\Elsa.JavaScript.csproj", "{59D03A93-25FF-4983-B579-9187E3324E80}"
EndProject
Project("{FAE04EC0-301F-11D3-BF4B-00C04F79EFBC}") = "Elsa.Labels", "..\..\elsa-core\v3\src\modules\Elsa.Labels\Elsa.Labels.csproj", "{B0969F2A-FA3C-4F19-A9EE-D0BF1FC5A1B5}"
EndProject
Project("{FAE04EC0-301F-11D3-BF4B-00C04F79EFBC}") = "Elsa.Liquid", "..\..\elsa-core\v3\src\modules\Elsa.Liquid\Elsa.Liquid.csproj", "{08A6E486-7684-4217-BB98-539C7FC2D5EC}"
EndProject
Project("{FAE04EC0-301F-11D3-BF4B-00C04F79EFBC}") = "Elsa.Mediator", "..\..\elsa-core\v3\src\modules\Elsa.Mediator\Elsa.Mediator.csproj", "{7BBF35CF-4E66-432A-B213-3E35C1C3272A}"
EndProject
Project("{FAE04EC0-301F-11D3-BF4B-00C04F79EFBC}") = "Elsa.Quartz", "..\..\elsa-core\v3\src\modules\Elsa.Quartz\Elsa.Quartz.csproj", "{EA3E4263-1110-4A3B-A983-A345FF00006A}"
EndProject
Project("{FAE04EC0-301F-11D3-BF4B-00C04F79EFBC}") = "Elsa.Scheduling", "..\..\elsa-core\v3\src\modules\Elsa.Scheduling\Elsa.Scheduling.csproj", "{9CAAC38D-56B6-4D31-A01B-79B2032DA65F}"
EndProject
Project("{FAE04EC0-301F-11D3-BF4B-00C04F79EFBC}") = "Elsa.Workflows.Management", "..\..\elsa-core\v3\src\modules\Elsa.Workflows.Management\Elsa.Workflows.Management.csproj", "{90DEF142-A4B6-4317-AB29-AB562290DED9}"
EndProject
Project("{FAE04EC0-301F-11D3-BF4B-00C04F79EFBC}") = "Elsa.Workflows.Runtime", "..\..\elsa-core\v3\src\modules\Elsa.Workflows.Runtime\Elsa.Workflows.Runtime.csproj", "{F0F0B6DC-58F1-49DD-93B9-C779457E77BA}"
EndProject
Project("{FAE04EC0-301F-11D3-BF4B-00C04F79EFBC}") = "Elsa", "..\..\elsa-core\v3\src\bundles\Elsa\Elsa.csproj", "{B8AA64F9-5052-4334-94AB-486CFB073905}"
EndProject
Project("{FAE04EC0-301F-11D3-BF4B-00C04F79EFBC}") = "Elsa.Api.Common", "..\..\elsa-core\v3\src\common\Elsa.Api.Common\Elsa.Api.Common.csproj", "{F690266B-F73E-4CC9-98CE-258D58BF7881}"
EndProject
Project("{FAE04EC0-301F-11D3-BF4B-00C04F79EFBC}") = "Elsa.EntityFrameworkCore.Sqlite", "..\..\elsa-core\v3\src\modules\Elsa.EntityFrameworkCore.Sqlite\Elsa.EntityFrameworkCore.Sqlite.csproj", "{0CAE1A9F-D458-429D-923B-AF9D3366F86A}"
EndProject
Project("{FAE04EC0-301F-11D3-BF4B-00C04F79EFBC}") = "Elsa.EntityFrameworkCore", "..\..\elsa-core\v3\src\modules\Elsa.EntityFrameworkCore\Elsa.EntityFrameworkCore.csproj", "{5A621C8A-B8EB-4BFE-B97B-DE2CB82B9835}"
EndProject
Project("{FAE04EC0-301F-11D3-BF4B-00C04F79EFBC}") = "Elsa.Email", "..\..\elsa-core\v3\src\modules\Elsa.Email\Elsa.Email.csproj", "{DC9B26E5-D2CE-4F34-B8B9-9F09CB453292}"
EndProject
Global
	GlobalSection(SolutionConfigurationPlatforms) = preSolution
		Debug|Any CPU = Debug|Any CPU
		Release|Any CPU = Release|Any CPU
	EndGlobalSection
	GlobalSection(ProjectConfigurationPlatforms) = postSolution
		{1A1E1268-8752-46D3-838F-DE6E664274A2}.Debug|Any CPU.ActiveCfg = Debug|Any CPU
		{1A1E1268-8752-46D3-838F-DE6E664274A2}.Debug|Any CPU.Build.0 = Debug|Any CPU
		{1A1E1268-8752-46D3-838F-DE6E664274A2}.Release|Any CPU.ActiveCfg = Release|Any CPU
		{1A1E1268-8752-46D3-838F-DE6E664274A2}.Release|Any CPU.Build.0 = Release|Any CPU
		{5F5FEB49-12AC-448C-82F0-197A77002BAE}.Debug|Any CPU.ActiveCfg = Debug|Any CPU
		{5F5FEB49-12AC-448C-82F0-197A77002BAE}.Debug|Any CPU.Build.0 = Debug|Any CPU
		{5F5FEB49-12AC-448C-82F0-197A77002BAE}.Release|Any CPU.ActiveCfg = Release|Any CPU
		{5F5FEB49-12AC-448C-82F0-197A77002BAE}.Release|Any CPU.Build.0 = Release|Any CPU
		{336E56A4-5B5E-4E37-BF0A-1AB711FDC919}.Debug|Any CPU.ActiveCfg = Debug|Any CPU
		{336E56A4-5B5E-4E37-BF0A-1AB711FDC919}.Debug|Any CPU.Build.0 = Debug|Any CPU
		{336E56A4-5B5E-4E37-BF0A-1AB711FDC919}.Release|Any CPU.ActiveCfg = Release|Any CPU
		{336E56A4-5B5E-4E37-BF0A-1AB711FDC919}.Release|Any CPU.Build.0 = Release|Any CPU
		{89DFEBEF-F795-4099-8332-60DB7EAC57C7}.Debug|Any CPU.ActiveCfg = Debug|Any CPU
		{89DFEBEF-F795-4099-8332-60DB7EAC57C7}.Debug|Any CPU.Build.0 = Debug|Any CPU
		{89DFEBEF-F795-4099-8332-60DB7EAC57C7}.Release|Any CPU.ActiveCfg = Release|Any CPU
		{89DFEBEF-F795-4099-8332-60DB7EAC57C7}.Release|Any CPU.Build.0 = Release|Any CPU
		{A86952A0-209E-47BE-96F8-9F7CB1098496}.Debug|Any CPU.ActiveCfg = Debug|Any CPU
		{A86952A0-209E-47BE-96F8-9F7CB1098496}.Debug|Any CPU.Build.0 = Debug|Any CPU
		{A86952A0-209E-47BE-96F8-9F7CB1098496}.Release|Any CPU.ActiveCfg = Release|Any CPU
		{A86952A0-209E-47BE-96F8-9F7CB1098496}.Release|Any CPU.Build.0 = Release|Any CPU
		{E661BC87-6D05-4B72-B3AC-42BEEB918F78}.Debug|Any CPU.ActiveCfg = Debug|Any CPU
		{E661BC87-6D05-4B72-B3AC-42BEEB918F78}.Debug|Any CPU.Build.0 = Debug|Any CPU
		{E661BC87-6D05-4B72-B3AC-42BEEB918F78}.Release|Any CPU.ActiveCfg = Release|Any CPU
		{E661BC87-6D05-4B72-B3AC-42BEEB918F78}.Release|Any CPU.Build.0 = Release|Any CPU
		{412645C8-F1F8-4D2A-9C5D-E40A10147C8D}.Debug|Any CPU.ActiveCfg = Debug|Any CPU
		{412645C8-F1F8-4D2A-9C5D-E40A10147C8D}.Debug|Any CPU.Build.0 = Debug|Any CPU
		{412645C8-F1F8-4D2A-9C5D-E40A10147C8D}.Release|Any CPU.ActiveCfg = Release|Any CPU
		{412645C8-F1F8-4D2A-9C5D-E40A10147C8D}.Release|Any CPU.Build.0 = Release|Any CPU
		{8D5C59B3-AAAC-44BD-AE02-E0325F075D65}.Debug|Any CPU.ActiveCfg = Debug|Any CPU
		{8D5C59B3-AAAC-44BD-AE02-E0325F075D65}.Debug|Any CPU.Build.0 = Debug|Any CPU
		{8D5C59B3-AAAC-44BD-AE02-E0325F075D65}.Release|Any CPU.ActiveCfg = Release|Any CPU
		{8D5C59B3-AAAC-44BD-AE02-E0325F075D65}.Release|Any CPU.Build.0 = Release|Any CPU
		{0E226D92-9406-4190-A691-10625067AAB2}.Debug|Any CPU.ActiveCfg = Debug|Any CPU
		{0E226D92-9406-4190-A691-10625067AAB2}.Debug|Any CPU.Build.0 = Debug|Any CPU
		{0E226D92-9406-4190-A691-10625067AAB2}.Release|Any CPU.ActiveCfg = Release|Any CPU
		{0E226D92-9406-4190-A691-10625067AAB2}.Release|Any CPU.Build.0 = Release|Any CPU
		{47191BD7-C4BB-4DBA-8334-16AFBE59A44B}.Debug|Any CPU.ActiveCfg = Debug|Any CPU
		{47191BD7-C4BB-4DBA-8334-16AFBE59A44B}.Debug|Any CPU.Build.0 = Debug|Any CPU
		{47191BD7-C4BB-4DBA-8334-16AFBE59A44B}.Release|Any CPU.ActiveCfg = Release|Any CPU
		{47191BD7-C4BB-4DBA-8334-16AFBE59A44B}.Release|Any CPU.Build.0 = Release|Any CPU
		{D4BC4A5A-4C39-448F-BCFC-F4AFEC05E96F}.Debug|Any CPU.ActiveCfg = Debug|Any CPU
		{D4BC4A5A-4C39-448F-BCFC-F4AFEC05E96F}.Debug|Any CPU.Build.0 = Debug|Any CPU
		{D4BC4A5A-4C39-448F-BCFC-F4AFEC05E96F}.Release|Any CPU.ActiveCfg = Release|Any CPU
		{D4BC4A5A-4C39-448F-BCFC-F4AFEC05E96F}.Release|Any CPU.Build.0 = Release|Any CPU
		{24E51A1E-769B-41AA-BE17-E7524DCCC0E6}.Debug|Any CPU.ActiveCfg = Debug|Any CPU
		{24E51A1E-769B-41AA-BE17-E7524DCCC0E6}.Debug|Any CPU.Build.0 = Debug|Any CPU
		{24E51A1E-769B-41AA-BE17-E7524DCCC0E6}.Release|Any CPU.ActiveCfg = Release|Any CPU
		{24E51A1E-769B-41AA-BE17-E7524DCCC0E6}.Release|Any CPU.Build.0 = Release|Any CPU
		{59D03A93-25FF-4983-B579-9187E3324E80}.Debug|Any CPU.ActiveCfg = Debug|Any CPU
		{59D03A93-25FF-4983-B579-9187E3324E80}.Debug|Any CPU.Build.0 = Debug|Any CPU
		{59D03A93-25FF-4983-B579-9187E3324E80}.Release|Any CPU.ActiveCfg = Release|Any CPU
		{59D03A93-25FF-4983-B579-9187E3324E80}.Release|Any CPU.Build.0 = Release|Any CPU
		{B0969F2A-FA3C-4F19-A9EE-D0BF1FC5A1B5}.Debug|Any CPU.ActiveCfg = Debug|Any CPU
		{B0969F2A-FA3C-4F19-A9EE-D0BF1FC5A1B5}.Debug|Any CPU.Build.0 = Debug|Any CPU
		{B0969F2A-FA3C-4F19-A9EE-D0BF1FC5A1B5}.Release|Any CPU.ActiveCfg = Release|Any CPU
		{B0969F2A-FA3C-4F19-A9EE-D0BF1FC5A1B5}.Release|Any CPU.Build.0 = Release|Any CPU
		{08A6E486-7684-4217-BB98-539C7FC2D5EC}.Debug|Any CPU.ActiveCfg = Debug|Any CPU
		{08A6E486-7684-4217-BB98-539C7FC2D5EC}.Debug|Any CPU.Build.0 = Debug|Any CPU
		{08A6E486-7684-4217-BB98-539C7FC2D5EC}.Release|Any CPU.ActiveCfg = Release|Any CPU
		{08A6E486-7684-4217-BB98-539C7FC2D5EC}.Release|Any CPU.Build.0 = Release|Any CPU
		{7BBF35CF-4E66-432A-B213-3E35C1C3272A}.Debug|Any CPU.ActiveCfg = Debug|Any CPU
		{7BBF35CF-4E66-432A-B213-3E35C1C3272A}.Debug|Any CPU.Build.0 = Debug|Any CPU
		{7BBF35CF-4E66-432A-B213-3E35C1C3272A}.Release|Any CPU.ActiveCfg = Release|Any CPU
		{7BBF35CF-4E66-432A-B213-3E35C1C3272A}.Release|Any CPU.Build.0 = Release|Any CPU
		{EA3E4263-1110-4A3B-A983-A345FF00006A}.Debug|Any CPU.ActiveCfg = Debug|Any CPU
		{EA3E4263-1110-4A3B-A983-A345FF00006A}.Debug|Any CPU.Build.0 = Debug|Any CPU
		{EA3E4263-1110-4A3B-A983-A345FF00006A}.Release|Any CPU.ActiveCfg = Release|Any CPU
		{EA3E4263-1110-4A3B-A983-A345FF00006A}.Release|Any CPU.Build.0 = Release|Any CPU
		{9CAAC38D-56B6-4D31-A01B-79B2032DA65F}.Debug|Any CPU.ActiveCfg = Debug|Any CPU
		{9CAAC38D-56B6-4D31-A01B-79B2032DA65F}.Debug|Any CPU.Build.0 = Debug|Any CPU
		{9CAAC38D-56B6-4D31-A01B-79B2032DA65F}.Release|Any CPU.ActiveCfg = Release|Any CPU
		{9CAAC38D-56B6-4D31-A01B-79B2032DA65F}.Release|Any CPU.Build.0 = Release|Any CPU
		{90DEF142-A4B6-4317-AB29-AB562290DED9}.Debug|Any CPU.ActiveCfg = Debug|Any CPU
		{90DEF142-A4B6-4317-AB29-AB562290DED9}.Debug|Any CPU.Build.0 = Debug|Any CPU
		{90DEF142-A4B6-4317-AB29-AB562290DED9}.Release|Any CPU.ActiveCfg = Release|Any CPU
		{90DEF142-A4B6-4317-AB29-AB562290DED9}.Release|Any CPU.Build.0 = Release|Any CPU
		{F0F0B6DC-58F1-49DD-93B9-C779457E77BA}.Debug|Any CPU.ActiveCfg = Debug|Any CPU
		{F0F0B6DC-58F1-49DD-93B9-C779457E77BA}.Debug|Any CPU.Build.0 = Debug|Any CPU
		{F0F0B6DC-58F1-49DD-93B9-C779457E77BA}.Release|Any CPU.ActiveCfg = Release|Any CPU
		{F0F0B6DC-58F1-49DD-93B9-C779457E77BA}.Release|Any CPU.Build.0 = Release|Any CPU
		{B8AA64F9-5052-4334-94AB-486CFB073905}.Debug|Any CPU.ActiveCfg = Debug|Any CPU
		{B8AA64F9-5052-4334-94AB-486CFB073905}.Debug|Any CPU.Build.0 = Debug|Any CPU
		{B8AA64F9-5052-4334-94AB-486CFB073905}.Release|Any CPU.ActiveCfg = Release|Any CPU
		{B8AA64F9-5052-4334-94AB-486CFB073905}.Release|Any CPU.Build.0 = Release|Any CPU
		{F690266B-F73E-4CC9-98CE-258D58BF7881}.Debug|Any CPU.ActiveCfg = Debug|Any CPU
		{F690266B-F73E-4CC9-98CE-258D58BF7881}.Debug|Any CPU.Build.0 = Debug|Any CPU
		{F690266B-F73E-4CC9-98CE-258D58BF7881}.Release|Any CPU.ActiveCfg = Release|Any CPU
		{F690266B-F73E-4CC9-98CE-258D58BF7881}.Release|Any CPU.Build.0 = Release|Any CPU
		{0CAE1A9F-D458-429D-923B-AF9D3366F86A}.Debug|Any CPU.ActiveCfg = Debug|Any CPU
		{0CAE1A9F-D458-429D-923B-AF9D3366F86A}.Debug|Any CPU.Build.0 = Debug|Any CPU
		{0CAE1A9F-D458-429D-923B-AF9D3366F86A}.Release|Any CPU.ActiveCfg = Release|Any CPU
		{0CAE1A9F-D458-429D-923B-AF9D3366F86A}.Release|Any CPU.Build.0 = Release|Any CPU
		{5A621C8A-B8EB-4BFE-B97B-DE2CB82B9835}.Debug|Any CPU.ActiveCfg = Debug|Any CPU
		{5A621C8A-B8EB-4BFE-B97B-DE2CB82B9835}.Debug|Any CPU.Build.0 = Debug|Any CPU
		{5A621C8A-B8EB-4BFE-B97B-DE2CB82B9835}.Release|Any CPU.ActiveCfg = Release|Any CPU
		{5A621C8A-B8EB-4BFE-B97B-DE2CB82B9835}.Release|Any CPU.Build.0 = Release|Any CPU
		{DC9B26E5-D2CE-4F34-B8B9-9F09CB453292}.Debug|Any CPU.ActiveCfg = Debug|Any CPU
		{DC9B26E5-D2CE-4F34-B8B9-9F09CB453292}.Debug|Any CPU.Build.0 = Debug|Any CPU
		{DC9B26E5-D2CE-4F34-B8B9-9F09CB453292}.Release|Any CPU.ActiveCfg = Release|Any CPU
		{DC9B26E5-D2CE-4F34-B8B9-9F09CB453292}.Release|Any CPU.Build.0 = Release|Any CPU
	EndGlobalSection
	GlobalSection(NestedProjects) = preSolution
		{1A1E1268-8752-46D3-838F-DE6E664274A2} = {9AD6C839-C8CC-4D31-BC86-99B25CEEDC4F}
		{5F5FEB49-12AC-448C-82F0-197A77002BAE} = {9AD6C839-C8CC-4D31-BC86-99B25CEEDC4F}
		{336E56A4-5B5E-4E37-BF0A-1AB711FDC919} = {9AD6C839-C8CC-4D31-BC86-99B25CEEDC4F}
		{89DFEBEF-F795-4099-8332-60DB7EAC57C7} = {A6246E35-A7EE-4ABB-9D6F-FE04F524295D}
		{A86952A0-209E-47BE-96F8-9F7CB1098496} = {A6246E35-A7EE-4ABB-9D6F-FE04F524295D}
		{E661BC87-6D05-4B72-B3AC-42BEEB918F78} = {A6246E35-A7EE-4ABB-9D6F-FE04F524295D}
		{412645C8-F1F8-4D2A-9C5D-E40A10147C8D} = {A6246E35-A7EE-4ABB-9D6F-FE04F524295D}
		{8D5C59B3-AAAC-44BD-AE02-E0325F075D65} = {A6246E35-A7EE-4ABB-9D6F-FE04F524295D}
		{0E226D92-9406-4190-A691-10625067AAB2} = {A6246E35-A7EE-4ABB-9D6F-FE04F524295D}
		{47191BD7-C4BB-4DBA-8334-16AFBE59A44B} = {A6246E35-A7EE-4ABB-9D6F-FE04F524295D}
		{D4BC4A5A-4C39-448F-BCFC-F4AFEC05E96F} = {A6246E35-A7EE-4ABB-9D6F-FE04F524295D}
		{24E51A1E-769B-41AA-BE17-E7524DCCC0E6} = {A6246E35-A7EE-4ABB-9D6F-FE04F524295D}
		{59D03A93-25FF-4983-B579-9187E3324E80} = {A6246E35-A7EE-4ABB-9D6F-FE04F524295D}
		{B0969F2A-FA3C-4F19-A9EE-D0BF1FC5A1B5} = {A6246E35-A7EE-4ABB-9D6F-FE04F524295D}
		{08A6E486-7684-4217-BB98-539C7FC2D5EC} = {A6246E35-A7EE-4ABB-9D6F-FE04F524295D}
		{7BBF35CF-4E66-432A-B213-3E35C1C3272A} = {A6246E35-A7EE-4ABB-9D6F-FE04F524295D}
		{EA3E4263-1110-4A3B-A983-A345FF00006A} = {A6246E35-A7EE-4ABB-9D6F-FE04F524295D}
		{9CAAC38D-56B6-4D31-A01B-79B2032DA65F} = {A6246E35-A7EE-4ABB-9D6F-FE04F524295D}
		{90DEF142-A4B6-4317-AB29-AB562290DED9} = {A6246E35-A7EE-4ABB-9D6F-FE04F524295D}
		{F0F0B6DC-58F1-49DD-93B9-C779457E77BA} = {A6246E35-A7EE-4ABB-9D6F-FE04F524295D}
		{B8AA64F9-5052-4334-94AB-486CFB073905} = {A6246E35-A7EE-4ABB-9D6F-FE04F524295D}
		{F690266B-F73E-4CC9-98CE-258D58BF7881} = {A6246E35-A7EE-4ABB-9D6F-FE04F524295D}
		{0CAE1A9F-D458-429D-923B-AF9D3366F86A} = {A6246E35-A7EE-4ABB-9D6F-FE04F524295D}
		{5A621C8A-B8EB-4BFE-B97B-DE2CB82B9835} = {A6246E35-A7EE-4ABB-9D6F-FE04F524295D}
		{DC9B26E5-D2CE-4F34-B8B9-9F09CB453292} = {A6246E35-A7EE-4ABB-9D6F-FE04F524295D}
	EndGlobalSection
EndGlobal
